
Microsoft Visual Studio Solution File, Format Version 12.00
# Visual Studio Version 16
VisualStudioVersion = 16.0.31729.503
MinimumVisualStudioVersion = 10.0.40219.1
Project("{9A19103F-16F7-4668-BE54-9A1E7A4F7556}") = "targilZero", "targilZero\targilZero.csproj", "{71BD1624-5D9A-466F-B972-D88293B2F8F7}"
EndProject
Project("{FAE04EC0-301F-11D3-BF4B-00C04F79EFBC}") = "ConsoleUI", "ConsoleUI\ConsoleUI.csproj", "{4FC5B90D-9534-48E7-B02E-A87FFC25B326}"
EndProject
Project("{FAE04EC0-301F-11D3-BF4B-00C04F79EFBC}") = "DAL", "DAL\DAL.csproj", "{AFF2793F-35B8-4D49-96EC-3B6FE69BF5D8}"
EndProject
Global
	GlobalSection(SolutionConfigurationPlatforms) = preSolution
		Debug|Any CPU = Debug|Any CPU
		Release|Any CPU = Release|Any CPU
	EndGlobalSection
	GlobalSection(ProjectConfigurationPlatforms) = postSolution
		{71BD1624-5D9A-466F-B972-D88293B2F8F7}.Debug|Any CPU.ActiveCfg = Debug|Any CPU
		{71BD1624-5D9A-466F-B972-D88293B2F8F7}.Debug|Any CPU.Build.0 = Debug|Any CPU
		{71BD1624-5D9A-466F-B972-D88293B2F8F7}.Release|Any CPU.ActiveCfg = Release|Any CPU
		{71BD1624-5D9A-466F-B972-D88293B2F8F7}.Release|Any CPU.Build.0 = Release|Any CPU
		{4FC5B90D-9534-48E7-B02E-A87FFC25B326}.Debug|Any CPU.ActiveCfg = Debug|Any CPU
		{4FC5B90D-9534-48E7-B02E-A87FFC25B326}.Debug|Any CPU.Build.0 = Debug|Any CPU
		{4FC5B90D-9534-48E7-B02E-A87FFC25B326}.Release|Any CPU.ActiveCfg = Release|Any CPU
		{4FC5B90D-9534-48E7-B02E-A87FFC25B326}.Release|Any CPU.Build.0 = Release|Any CPU
		{AFF2793F-35B8-4D49-96EC-3B6FE69BF5D8}.Debug|Any CPU.ActiveCfg = Debug|Any CPU
		{AFF2793F-35B8-4D49-96EC-3B6FE69BF5D8}.Debug|Any CPU.Build.0 = Debug|Any CPU
		{AFF2793F-35B8-4D49-96EC-3B6FE69BF5D8}.Release|Any CPU.ActiveCfg = Release|Any CPU
		{AFF2793F-35B8-4D49-96EC-3B6FE69BF5D8}.Release|Any CPU.Build.0 = Release|Any CPU
	EndGlobalSection
	GlobalSection(SolutionProperties) = preSolution
		HideSolutionNode = FALSE
	EndGlobalSection
	GlobalSection(ExtensibilityGlobals) = postSolution
		SolutionGuid = {D370169B-EB67-4473-8086-3BC63CA8B90E}
	EndGlobalSection
EndGlobal
