
Microsoft Visual Studio Solution File, Format Version 12.00
# Visual Studio Version 16
VisualStudioVersion = 16.0.31729.503
MinimumVisualStudioVersion = 10.0.40219.1
Project("{9A19103F-16F7-4668-BE54-9A1E7A4F7556}") = "targilZero", "targilZero\targilZero.csproj", "{71BD1624-5D9A-466F-B972-D88293B2F8F7}"
EndProject
Project("{9A19103F-16F7-4668-BE54-9A1E7A4F7556}") = "ConsoleUI", "ConsoleUI\ConsoleUI.csproj", "{4FC5B90D-9534-48E7-B02E-A87FFC25B326}"
EndProject
Project("{9A19103F-16F7-4668-BE54-9A1E7A4F7556}") = "DAL", "DAL\DAL.csproj", "{AFF2793F-35B8-4D49-96EC-3B6FE69BF5D8}"
EndProject
Project("{9A19103F-16F7-4668-BE54-9A1E7A4F7556}") = "BL", "BL\BL.csproj", "{A38B840A-1896-4753-AA9C-FF9CF8C3A672}"
EndProject
Project("{9A19103F-16F7-4668-BE54-9A1E7A4F7556}") = "ConsoleUI_BL", "ConsoleUI_BL\ConsoleUI_BL.csproj", "{34F1755D-9DBA-4560-A00C-B68D5CC50112}"
EndProject
Project("{9A19103F-16F7-4668-BE54-9A1E7A4F7556}") = "PL", "PL\PL.csproj", "{FA5AE369-E9C5-4E01-A194-EB49A2EA0EC8}"
EndProject
Project("{2150E333-8FDC-42A3-9474-1A3956D46DE8}") = "xml", "xml", "{FC697367-7613-437F-AEE6-14A413FF6F8D}"
	ProjectSection(SolutionItems) = preProject
		configXML.xml = configXML.xml
		customersXML.xml = customersXML.xml
		dronesInChargeXML.xml = dronesInChargeXML.xml
		dronesXML.xml = dronesXML.xml
		parcelsXML.xml = parcelsXML.xml
		stationsXML.xml = stationsXML.xml
		usersXML.xml = usersXML.xml
	EndProjectSection
EndProject
Global
	GlobalSection(SolutionConfigurationPlatforms) = preSolution
		Debug|Any CPU = Debug|Any CPU
		Release|Any CPU = Release|Any CPU
	EndGlobalSection
	GlobalSection(ProjectConfigurationPlatforms) = postSolution
		{71BD1624-5D9A-466F-B972-D88293B2F8F7}.Debug|Any CPU.ActiveCfg = Debug|Any CPU
		{71BD1624-5D9A-466F-B972-D88293B2F8F7}.Debug|Any CPU.Build.0 = Debug|Any CPU
		{71BD1624-5D9A-466F-B972-D88293B2F8F7}.Release|Any CPU.ActiveCfg = Release|Any CPU
		{71BD1624-5D9A-466F-B972-D88293B2F8F7}.Release|Any CPU.Build.0 = Release|Any CPU
		{4FC5B90D-9534-48E7-B02E-A87FFC25B326}.Debug|Any CPU.ActiveCfg = Debug|Any CPU
		{4FC5B90D-9534-48E7-B02E-A87FFC25B326}.Debug|Any CPU.Build.0 = Debug|Any CPU
		{4FC5B90D-9534-48E7-B02E-A87FFC25B326}.Release|Any CPU.ActiveCfg = Release|Any CPU
		{4FC5B90D-9534-48E7-B02E-A87FFC25B326}.Release|Any CPU.Build.0 = Release|Any CPU
		{AFF2793F-35B8-4D49-96EC-3B6FE69BF5D8}.Debug|Any CPU.ActiveCfg = Debug|Any CPU
		{AFF2793F-35B8-4D49-96EC-3B6FE69BF5D8}.Debug|Any CPU.Build.0 = Debug|Any CPU
		{AFF2793F-35B8-4D49-96EC-3B6FE69BF5D8}.Release|Any CPU.ActiveCfg = Release|Any CPU
		{AFF2793F-35B8-4D49-96EC-3B6FE69BF5D8}.Release|Any CPU.Build.0 = Release|Any CPU
		{A38B840A-1896-4753-AA9C-FF9CF8C3A672}.Debug|Any CPU.ActiveCfg = Debug|Any CPU
		{A38B840A-1896-4753-AA9C-FF9CF8C3A672}.Debug|Any CPU.Build.0 = Debug|Any CPU
		{A38B840A-1896-4753-AA9C-FF9CF8C3A672}.Release|Any CPU.ActiveCfg = Release|Any CPU
		{A38B840A-1896-4753-AA9C-FF9CF8C3A672}.Release|Any CPU.Build.0 = Release|Any CPU
		{34F1755D-9DBA-4560-A00C-B68D5CC50112}.Debug|Any CPU.ActiveCfg = Debug|Any CPU
		{34F1755D-9DBA-4560-A00C-B68D5CC50112}.Debug|Any CPU.Build.0 = Debug|Any CPU
		{34F1755D-9DBA-4560-A00C-B68D5CC50112}.Release|Any CPU.ActiveCfg = Release|Any CPU
		{34F1755D-9DBA-4560-A00C-B68D5CC50112}.Release|Any CPU.Build.0 = Release|Any CPU
		{FA5AE369-E9C5-4E01-A194-EB49A2EA0EC8}.Debug|Any CPU.ActiveCfg = Debug|Any CPU
		{FA5AE369-E9C5-4E01-A194-EB49A2EA0EC8}.Debug|Any CPU.Build.0 = Debug|Any CPU
		{FA5AE369-E9C5-4E01-A194-EB49A2EA0EC8}.Release|Any CPU.ActiveCfg = Release|Any CPU
		{FA5AE369-E9C5-4E01-A194-EB49A2EA0EC8}.Release|Any CPU.Build.0 = Release|Any CPU
	EndGlobalSection
	GlobalSection(SolutionProperties) = preSolution
		HideSolutionNode = FALSE
	EndGlobalSection
	GlobalSection(ExtensibilityGlobals) = postSolution
		SolutionGuid = {D370169B-EB67-4473-8086-3BC63CA8B90E}
	EndGlobalSection
EndGlobal
